
Microsoft Visual Studio Solution File, Format Version 12.00
# Visual Studio Version 17
VisualStudioVersion = 17.11.35327.3
MinimumVisualStudioVersion = 10.0.40219.1
Project("{FAE04EC0-301F-11D3-BF4B-00C04F79EFBC}") = "LocalsPayoutTables", "LocalsPayoutTables.csproj", "{65DB96A2-1979-49D0-8E50-05142FEF68BF}"
EndProject
Global
	GlobalSection(SolutionConfigurationPlatforms) = preSolution
		Debug|Any CPU = Debug|Any CPU
		Release|Any CPU = Release|Any CPU
	EndGlobalSection
	GlobalSection(ProjectConfigurationPlatforms) = postSolution
		{65DB96A2-1979-49D0-8E50-05142FEF68BF}.Debug|Any CPU.ActiveCfg = Debug|Any CPU
		{65DB96A2-1979-49D0-8E50-05142FEF68BF}.Debug|Any CPU.Build.0 = Debug|Any CPU
		{65DB96A2-1979-49D0-8E50-05142FEF68BF}.Release|Any CPU.ActiveCfg = Release|Any CPU
		{65DB96A2-1979-49D0-8E50-05142FEF68BF}.Release|Any CPU.Build.0 = Release|Any CPU
	EndGlobalSection
	GlobalSection(SolutionProperties) = preSolution
		HideSolutionNode = FALSE
	EndGlobalSection
	GlobalSection(ExtensibilityGlobals) = postSolution
		SolutionGuid = {E536163A-E75B-4423-B485-96237F7C1B8F}
	EndGlobalSection
EndGlobal
